
Microsoft Visual Studio Solution File, Format Version 12.00
# Visual Studio Version 16
VisualStudioVersion = 16.0.30804.86
MinimumVisualStudioVersion = 10.0.40219.1
Project("{FAE04EC0-301F-11D3-BF4B-00C04F79EFBC}") = "RemoteProtector", "RemoteProtector.csproj", "{BE115331-B002-46C6-858D-47DBC34FD79E}"
EndProject
Global
	GlobalSection(SolutionConfigurationPlatforms) = preSolution
		Debug|Any CPU = Debug|Any CPU
		Release|Any CPU = Release|Any CPU
	EndGlobalSection
	GlobalSection(ProjectConfigurationPlatforms) = postSolution
		{BE115331-B002-46C6-858D-47DBC34FD79E}.Debug|Any CPU.ActiveCfg = Debug|Any CPU
		{BE115331-B002-46C6-858D-47DBC34FD79E}.Debug|Any CPU.Build.0 = Debug|Any CPU
		{BE115331-B002-46C6-858D-47DBC34FD79E}.Release|Any CPU.ActiveCfg = Release|Any CPU
		{BE115331-B002-46C6-858D-47DBC34FD79E}.Release|Any CPU.Build.0 = Release|Any CPU
	EndGlobalSection
	GlobalSection(SolutionProperties) = preSolution
		HideSolutionNode = FALSE
	EndGlobalSection
	GlobalSection(ExtensibilityGlobals) = postSolution
		SolutionGuid = {BA5F8C35-7487-41EE-A27C-B02FBCBCAAF1}
	EndGlobalSection
EndGlobal
